{
  "object": {
    "pins": [
      {
        "package": "HorizonCalendar",
        "repositoryURL": "https://github.com/airbnb/HorizonCalendar.git",
        "state": {
          "branch": null,
          "revision": "6a08153691a1938d403049c00af4871c6f80e5c6",
          "version": "1.2.0"
        }
      }
    ]
  },
  "version": 1
}
